// !$*UTF8*$!
{
	archiveVersion = 1;
	classes = {
	};
	objectVersion = 50;
	objects = {

/* Begin PBXBuildFile section */
		5545D07E212B6BA800B13120 /* PlayerLifeView.xib in Resources */ = {isa = PBXBuildFile; fileRef = 5545D07D212B6BA800B13120 /* PlayerLifeView.xib */; };
		5545D080212B6C7C00B13120 /* PlayerLifeView.swift in Sources */ = {isa = PBXBuildFile; fileRef = 5545D07F212B6C7C00B13120 /* PlayerLifeView.swift */; };
		55865E21212C7C840025D771 /* Player.swift in Sources */ = {isa = PBXBuildFile; fileRef = 55865E20212C7C840025D771 /* Player.swift */; };
		55865E25212DE7720025D771 /* PlayerNumberViewController.swift in Sources */ = {isa = PBXBuildFile; fileRef = 55865E24212DE7720025D771 /* PlayerNumberViewController.swift */; };
		55FA451D212B222A0003FB43 /* AppDelegate.swift in Sources */ = {isa = PBXBuildFile; fileRef = 55FA451C212B222A0003FB43 /* AppDelegate.swift */; };
		55FA4522212B222A0003FB43 /* Main.storyboard in Resources */ = {isa = PBXBuildFile; fileRef = 55FA4520212B222A0003FB43 /* Main.storyboard */; };
		55FA4524212B222B0003FB43 /* Assets.xcassets in Resources */ = {isa = PBXBuildFile; fileRef = 55FA4523212B222B0003FB43 /* Assets.xcassets */; };
		55FA4527212B222B0003FB43 /* LaunchScreen.storyboard in Resources */ = {isa = PBXBuildFile; fileRef = 55FA4525212B222B0003FB43 /* LaunchScreen.storyboard */; };
		55FA4532212B23AB0003FB43 /* LifeCounterViewController.swift in Sources */ = {isa = PBXBuildFile; fileRef = 55FA4531212B23AB0003FB43 /* LifeCounterViewController.swift */; };
		55FA4534212B23EF0003FB43 /* GameTracker.swift in Sources */ = {isa = PBXBuildFile; fileRef = 55FA4533212B23EF0003FB43 /* GameTracker.swift */; };
/* End PBXBuildFile section */

/* Begin PBXFileReference section */
		5545D07D212B6BA800B13120 /* PlayerLifeView.xib */ = {isa = PBXFileReference; lastKnownFileType = file.xib; path = PlayerLifeView.xib; sourceTree = "<group>"; };
		5545D07F212B6C7C00B13120 /* PlayerLifeView.swift */ = {isa = PBXFileReference; lastKnownFileType = sourcecode.swift; path = PlayerLifeView.swift; sourceTree = "<group>"; };
		55865E20212C7C840025D771 /* Player.swift */ = {isa = PBXFileReference; lastKnownFileType = sourcecode.swift; path = Player.swift; sourceTree = "<group>"; };
		55865E24212DE7720025D771 /* PlayerNumberViewController.swift */ = {isa = PBXFileReference; lastKnownFileType = sourcecode.swift; path = PlayerNumberViewController.swift; sourceTree = "<group>"; };
		55FA4519212B222A0003FB43 /* MTGUtilities.app */ = {isa = PBXFileReference; explicitFileType = wrapper.application; includeInIndex = 0; path = MTGUtilities.app; sourceTree = BUILT_PRODUCTS_DIR; };
		55FA451C212B222A0003FB43 /* AppDelegate.swift */ = {isa = PBXFileReference; lastKnownFileType = sourcecode.swift; path = AppDelegate.swift; sourceTree = "<group>"; };
		55FA4521212B222A0003FB43 /* Base */ = {isa = PBXFileReference; lastKnownFileType = file.storyboard; name = Base; path = Base.lproj/Main.storyboard; sourceTree = "<group>"; };
		55FA4523212B222B0003FB43 /* Assets.xcassets */ = {isa = PBXFileReference; lastKnownFileType = folder.assetcatalog; path = Assets.xcassets; sourceTree = "<group>"; };
		55FA4526212B222B0003FB43 /* Base */ = {isa = PBXFileReference; lastKnownFileType = file.storyboard; name = Base; path = Base.lproj/LaunchScreen.storyboard; sourceTree = "<group>"; };
		55FA4528212B222B0003FB43 /* Info.plist */ = {isa = PBXFileReference; lastKnownFileType = text.plist.xml; path = Info.plist; sourceTree = "<group>"; };
		55FA4531212B23AB0003FB43 /* LifeCounterViewController.swift */ = {isa = PBXFileReference; lastKnownFileType = sourcecode.swift; path = LifeCounterViewController.swift; sourceTree = "<group>"; };
		55FA4533212B23EF0003FB43 /* GameTracker.swift */ = {isa = PBXFileReference; lastKnownFileType = sourcecode.swift; path = GameTracker.swift; sourceTree = "<group>"; };
/* End PBXFileReference section */

/* Begin PBXFrameworksBuildPhase section */
		55FA4516212B222A0003FB43 /* Frameworks */ = {
			isa = PBXFrameworksBuildPhase;
			buildActionMask = 2147483647;
			files = (
			);
			runOnlyForDeploymentPostprocessing = 0;
		};
/* End PBXFrameworksBuildPhase section */

/* Begin PBXGroup section */
		55865E22212DE2D70025D771 /* Life Counter */ = {
			isa = PBXGroup;
			children = (
				55FA4530212B238A0003FB43 /* Controller */,
				55FA452F212B23820003FB43 /* View */,
				55FA452E212B23720003FB43 /* Model */,
			);
			path = "Life Counter";
			sourceTree = "<group>";
		};
		55865E23212DE7440025D771 /* PlayerNumberPopover */ = {
			isa = PBXGroup;
			children = (
				55865E24212DE7720025D771 /* PlayerNumberViewController.swift */,
			);
			path = PlayerNumberPopover;
			sourceTree = "<group>";
		};
		55FA4510212B222A0003FB43 = {
			isa = PBXGroup;
			children = (
				55FA451B212B222A0003FB43 /* MTGUtilities */,
				55FA451A212B222A0003FB43 /* Products */,
			);
			sourceTree = "<group>";
		};
		55FA451A212B222A0003FB43 /* Products */ = {
			isa = PBXGroup;
			children = (
				55FA4519212B222A0003FB43 /* MTGUtilities.app */,
			);
			name = Products;
			sourceTree = "<group>";
		};
		55FA451B212B222A0003FB43 /* MTGUtilities */ = {
			isa = PBXGroup;
			children = (
				55865E22212DE2D70025D771 /* Life Counter */,
				55FA451C212B222A0003FB43 /* AppDelegate.swift */,
				55FA4520212B222A0003FB43 /* Main.storyboard */,
				55FA4523212B222B0003FB43 /* Assets.xcassets */,
				55FA4525212B222B0003FB43 /* LaunchScreen.storyboard */,
				55FA4528212B222B0003FB43 /* Info.plist */,
			);
			path = MTGUtilities;
			sourceTree = "<group>";
		};
		55FA452E212B23720003FB43 /* Model */ = {
			isa = PBXGroup;
			children = (
				55FA4533212B23EF0003FB43 /* GameTracker.swift */,
				55865E20212C7C840025D771 /* Player.swift */,
			);
			path = Model;
			sourceTree = "<group>";
		};
		55FA452F212B23820003FB43 /* View */ = {
			isa = PBXGroup;
			children = (
				55865E23212DE7440025D771 /* PlayerNumberPopover */,
				5545D07D212B6BA800B13120 /* PlayerLifeView.xib */,
				5545D07F212B6C7C00B13120 /* PlayerLifeView.swift */,
			);
			path = View;
			sourceTree = "<group>";
		};
		55FA4530212B238A0003FB43 /* Controller */ = {
			isa = PBXGroup;
			children = (
				55FA4531212B23AB0003FB43 /* LifeCounterViewController.swift */,
			);
			path = Controller;
			sourceTree = "<group>";
		};
/* End PBXGroup section */

/* Begin PBXNativeTarget section */
		55FA4518212B222A0003FB43 /* MTGUtilities */ = {
			isa = PBXNativeTarget;
			buildConfigurationList = 55FA452B212B222B0003FB43 /* Build configuration list for PBXNativeTarget "MTGUtilities" */;
			buildPhases = (
				55FA4515212B222A0003FB43 /* Sources */,
				55FA4516212B222A0003FB43 /* Frameworks */,
				55FA4517212B222A0003FB43 /* Resources */,
			);
			buildRules = (
			);
			dependencies = (
			);
			name = MTGUtilities;
			productName = MTGUtilities;
			productReference = 55FA4519212B222A0003FB43 /* MTGUtilities.app */;
			productType = "com.apple.product-type.application";
		};
/* End PBXNativeTarget section */

/* Begin PBXProject section */
		55FA4511212B222A0003FB43 /* Project object */ = {
			isa = PBXProject;
			attributes = {
				LastSwiftUpdateCheck = 0940;
				LastUpgradeCheck = 0940;
				ORGANIZATIONNAME = "Timothy Rediehs";
				TargetAttributes = {
					55FA4518212B222A0003FB43 = {
						CreatedOnToolsVersion = 9.4.1;
					};
				};
			};
			buildConfigurationList = 55FA4514212B222A0003FB43 /* Build configuration list for PBXProject "MTGUtilities" */;
			compatibilityVersion = "Xcode 9.3";
			developmentRegion = en;
			hasScannedForEncodings = 0;
			knownRegions = (
				en,
				Base,
			);
			mainGroup = 55FA4510212B222A0003FB43;
			productRefGroup = 55FA451A212B222A0003FB43 /* Products */;
			projectDirPath = "";
			projectRoot = "";
			targets = (
				55FA4518212B222A0003FB43 /* MTGUtilities */,
			);
		};
/* End PBXProject section */

/* Begin PBXResourcesBuildPhase section */
		55FA4517212B222A0003FB43 /* Resources */ = {
			isa = PBXResourcesBuildPhase;
			buildActionMask = 2147483647;
			files = (
				55FA4527212B222B0003FB43 /* LaunchScreen.storyboard in Resources */,
				55FA4524212B222B0003FB43 /* Assets.xcassets in Resources */,
				55FA4522212B222A0003FB43 /* Main.storyboard in Resources */,
				5545D07E212B6BA800B13120 /* PlayerLifeView.xib in Resources */,
			);
			runOnlyForDeploymentPostprocessing = 0;
		};
/* End PBXResourcesBuildPhase section */

/* Begin PBXSourcesBuildPhase section */
		55FA4515212B222A0003FB43 /* Sources */ = {
			isa = PBXSourcesBuildPhase;
			buildActionMask = 2147483647;
			files = (
				55FA451D212B222A0003FB43 /* AppDelegate.swift in Sources */,
				55FA4534212B23EF0003FB43 /* GameTracker.swift in Sources */,
				55865E25212DE7720025D771 /* PlayerNumberViewController.swift in Sources */,
				55FA4532212B23AB0003FB43 /* LifeCounterViewController.swift in Sources */,
				55865E21212C7C840025D771 /* Player.swift in Sources */,
				5545D080212B6C7C00B13120 /* PlayerLifeView.swift in Sources */,
			);
			runOnlyForDeploymentPostprocessing = 0;
		};
/* End PBXSourcesBuildPhase section */

/* Begin PBXVariantGroup section */
		55FA4520212B222A0003FB43 /* Main.storyboard */ = {
			isa = PBXVariantGroup;
			children = (
				55FA4521212B222A0003FB43 /* Base */,
			);
			name = Main.storyboard;
			sourceTree = "<group>";
		};
		55FA4525212B222B0003FB43 /* LaunchScreen.storyboard */ = {
			isa = PBXVariantGroup;
			children = (
				55FA4526212B222B0003FB43 /* Base */,
			);
			name = LaunchScreen.storyboard;
			sourceTree = "<group>";
		};
/* End PBXVariantGroup section */

/* Begin XCBuildConfiguration section */
		55FA4529212B222B0003FB43 /* Debug */ = {
			isa = XCBuildConfiguration;
			buildSettings = {
				ALWAYS_SEARCH_USER_PATHS = NO;
				CLANG_ANALYZER_NONNULL = YES;
				CLANG_ANALYZER_NUMBER_OBJECT_CONVERSION = YES_AGGRESSIVE;
				CLANG_CXX_LANGUAGE_STANDARD = "gnu++14";
				CLANG_CXX_LIBRARY = "libc++";
				CLANG_ENABLE_MODULES = YES;
				CLANG_ENABLE_OBJC_ARC = YES;
				CLANG_ENABLE_OBJC_WEAK = YES;
				CLANG_WARN_BLOCK_CAPTURE_AUTORELEASING = YES;
				CLANG_WARN_BOOL_CONVERSION = YES;
				CLANG_WARN_COMMA = YES;
				CLANG_WARN_CONSTANT_CONVERSION = YES;
				CLANG_WARN_DEPRECATED_OBJC_IMPLEMENTATIONS = YES;
				CLANG_WARN_DIRECT_OBJC_ISA_USAGE = YES_ERROR;
				CLANG_WARN_DOCUMENTATION_COMMENTS = YES;
				CLANG_WARN_EMPTY_BODY = YES;
				CLANG_WARN_ENUM_CONVERSION = YES;
				CLANG_WARN_INFINITE_RECURSION = YES;
				CLANG_WARN_INT_CONVERSION = YES;
				CLANG_WARN_NON_LITERAL_NULL_CONVERSION = YES;
				CLANG_WARN_OBJC_IMPLICIT_RETAIN_SELF = YES;
				CLANG_WARN_OBJC_LITERAL_CONVERSION = YES;
				CLANG_WARN_OBJC_ROOT_CLASS = YES_ERROR;
				CLANG_WARN_RANGE_LOOP_ANALYSIS = YES;
				CLANG_WARN_STRICT_PROTOTYPES = YES;
				CLANG_WARN_SUSPICIOUS_MOVE = YES;
				CLANG_WARN_UNGUARDED_AVAILABILITY = YES_AGGRESSIVE;
				CLANG_WARN_UNREACHABLE_CODE = YES;
				CLANG_WARN__DUPLICATE_METHOD_MATCH = YES;
				CODE_SIGN_IDENTITY = "iPhone Developer";
				COPY_PHASE_STRIP = NO;
				DEBUG_INFORMATION_FORMAT = dwarf;
				ENABLE_STRICT_OBJC_MSGSEND = YES;
				ENABLE_TESTABILITY = YES;
				GCC_C_LANGUAGE_STANDARD = gnu11;
				GCC_DYNAMIC_NO_PIC = NO;
				GCC_NO_COMMON_BLOCKS = YES;
				GCC_OPTIMIZATION_LEVEL = 0;
				GCC_PREPROCESSOR_DEFINITIONS = (
					"DEBUG=1",
					"$(inherited)",
				);
				GCC_WARN_64_TO_32_BIT_CONVERSION = YES;
				GCC_WARN_ABOUT_RETURN_TYPE = YES_ERROR;
				GCC_WARN_UNDECLARED_SELECTOR = YES;
				GCC_WARN_UNINITIALIZED_AUTOS = YES_AGGRESSIVE;
				GCC_WARN_UNUSED_FUNCTION = YES;
				GCC_WARN_UNUSED_VARIABLE = YES;
				IPHONEOS_DEPLOYMENT_TARGET = 11.4;
				MTL_ENABLE_DEBUG_INFO = YES;
				ONLY_ACTIVE_ARCH = YES;
				SDKROOT = iphoneos;
				SWIFT_ACTIVE_COMPILATION_CONDITIONS = DEBUG;
				SWIFT_OPTIMIZATION_LEVEL = "-Onone";
			};
			name = Debug;
		};
		55FA452A212B222B0003FB43 /* Release */ = {
			isa = XCBuildConfiguration;
			buildSettings = {
				ALWAYS_SEARCH_USER_PATHS = NO;
				CLANG_ANALYZER_NONNULL = YES;
				CLANG_ANALYZER_NUMBER_OBJECT_CONVERSION = YES_AGGRESSIVE;
				CLANG_CXX_LANGUAGE_STANDARD = "gnu++14";
				CLANG_CXX_LIBRARY = "libc++";
				CLANG_ENABLE_MODULES = YES;
				CLANG_ENABLE_OBJC_ARC = YES;
				CLANG_ENABLE_OBJC_WEAK = YES;
				CLANG_WARN_BLOCK_CAPTURE_AUTORELEASING = YES;
				CLANG_WARN_BOOL_CONVERSION = YES;
				CLANG_WARN_COMMA = YES;
				CLANG_WARN_CONSTANT_CONVERSION = YES;
				CLANG_WARN_DEPRECATED_OBJC_IMPLEMENTATIONS = YES;
				CLANG_WARN_DIRECT_OBJC_ISA_USAGE = YES_ERROR;
				CLANG_WARN_DOCUMENTATION_COMMENTS = YES;
				CLANG_WARN_EMPTY_BODY = YES;
				CLANG_WARN_ENUM_CONVERSION = YES;
				CLANG_WARN_INFINITE_RECURSION = YES;
				CLANG_WARN_INT_CONVERSION = YES;
				CLANG_WARN_NON_LITERAL_NULL_CONVERSION = YES;
				CLANG_WARN_OBJC_IMPLICIT_RETAIN_SELF = YES;
				CLANG_WARN_OBJC_LITERAL_CONVERSION = YES;
				CLANG_WARN_OBJC_ROOT_CLASS = YES_ERROR;
				CLANG_WARN_RANGE_LOOP_ANALYSIS = YES;
				CLANG_WARN_STRICT_PROTOTYPES = YES;
				CLANG_WARN_SUSPICIOUS_MOVE = YES;
				CLANG_WARN_UNGUARDED_AVAILABILITY = YES_AGGRESSIVE;
				CLANG_WARN_UNREACHABLE_CODE = YES;
				CLANG_WARN__DUPLICATE_METHOD_MATCH = YES;
				CODE_SIGN_IDENTITY = "iPhone Developer";
				COPY_PHASE_STRIP = NO;
				DEBUG_INFORMATION_FORMAT = "dwarf-with-dsym";
				ENABLE_NS_ASSERTIONS = NO;
				ENABLE_STRICT_OBJC_MSGSEND = YES;
				GCC_C_LANGUAGE_STANDARD = gnu11;
				GCC_NO_COMMON_BLOCKS = YES;
				GCC_WARN_64_TO_32_BIT_CONVERSION = YES;
				GCC_WARN_ABOUT_RETURN_TYPE = YES_ERROR;
				GCC_WARN_UNDECLARED_SELECTOR = YES;
				GCC_WARN_UNINITIALIZED_AUTOS = YES_AGGRESSIVE;
				GCC_WARN_UNUSED_FUNCTION = YES;
				GCC_WARN_UNUSED_VARIABLE = YES;
				IPHONEOS_DEPLOYMENT_TARGET = 11.4;
				MTL_ENABLE_DEBUG_INFO = NO;
				SDKROOT = iphoneos;
				SWIFT_COMPILATION_MODE = wholemodule;
				SWIFT_OPTIMIZATION_LEVEL = "-O";
				VALIDATE_PRODUCT = YES;
			};
			name = Release;
		};
		55FA452C212B222B0003FB43 /* Debug */ = {
			isa = XCBuildConfiguration;
			buildSettings = {
				ASSETCATALOG_COMPILER_APPICON_NAME = AppIcon;
				CODE_SIGN_STYLE = Automatic;
				DEVELOPMENT_TEAM = E973LY3S3T;
				INFOPLIST_FILE = MTGUtilities/Info.plist;
				LD_RUNPATH_SEARCH_PATHS = (
					"$(inherited)",
					"@executable_path/Frameworks",
				);
				PRODUCT_BUNDLE_IDENTIFIER = Timthetic.MTGUtilities;
				PRODUCT_NAME = "$(TARGET_NAME)";
				SWIFT_VERSION = 4.0;
				TARGETED_DEVICE_FAMILY = "1,2";
			};
			name = Debug;
		};
		55FA452D212B222B0003FB43 /* Release */ = {
			isa = XCBuildConfiguration;
			buildSettings = {
				ASSETCATALOG_COMPILER_APPICON_NAME = AppIcon;
				CODE_SIGN_STYLE = Automatic;
				DEVELOPMENT_TEAM = E973LY3S3T;
				INFOPLIST_FILE = MTGUtilities/Info.plist;
				LD_RUNPATH_SEARCH_PATHS = (
					"$(inherited)",
					"@executable_path/Frameworks",
				);
				PRODUCT_BUNDLE_IDENTIFIER = Timthetic.MTGUtilities;
				PRODUCT_NAME = "$(TARGET_NAME)";
				SWIFT_VERSION = 4.0;
				TARGETED_DEVICE_FAMILY = "1,2";
			};
			name = Release;
		};
/* End XCBuildConfiguration section */

/* Begin XCConfigurationList section */
		55FA4514212B222A0003FB43 /* Build configuration list for PBXProject "MTGUtilities" */ = {
			isa = XCConfigurationList;
			buildConfigurations = (
				55FA4529212B222B0003FB43 /* Debug */,
				55FA452A212B222B0003FB43 /* Release */,
			);
			defaultConfigurationIsVisible = 0;
			defaultConfigurationName = Release;
		};
		55FA452B212B222B0003FB43 /* Build configuration list for PBXNativeTarget "MTGUtilities" */ = {
			isa = XCConfigurationList;
			buildConfigurations = (
				55FA452C212B222B0003FB43 /* Debug */,
				55FA452D212B222B0003FB43 /* Release */,
			);
			defaultConfigurationIsVisible = 0;
			defaultConfigurationName = Release;
		};
/* End XCConfigurationList section */
	};
	rootObject = 55FA4511212B222A0003FB43 /* Project object */;
}
