// !$*UTF8*$!
{
	archiveVersion = 1;
	classes = {
	};
	objectVersion = 50;
	objects = {

/* Begin PBXBuildFile section */
		55007066213EF57100CB8032 /* CardSet+CoreDataClass.swift in Sources */ = {isa = PBXBuildFile; fileRef = 55007061213EF57100CB8032 /* CardSet+CoreDataClass.swift */; };
		55007067213EF57100CB8032 /* CardSet+CoreDataProperties.swift in Sources */ = {isa = PBXBuildFile; fileRef = 55007062213EF57100CB8032 /* CardSet+CoreDataProperties.swift */; };
		55007068213EF57100CB8032 /* Card+CoreDataProperties.swift in Sources */ = {isa = PBXBuildFile; fileRef = 55007063213EF57100CB8032 /* Card+CoreDataProperties.swift */; };
		55007069213EF57100CB8032 /* UniqueCard+CoreDataClass.swift in Sources */ = {isa = PBXBuildFile; fileRef = 55007064213EF57100CB8032 /* UniqueCard+CoreDataClass.swift */; };
		5500706A213EF57100CB8032 /* UniqueCard+CoreDataProperties.swift in Sources */ = {isa = PBXBuildFile; fileRef = 55007065213EF57100CB8032 /* UniqueCard+CoreDataProperties.swift */; };
		5500706D214043C100CB8032 /* CardCell.swift in Sources */ = {isa = PBXBuildFile; fileRef = 5500706C214043C100CB8032 /* CardCell.swift */; };
		5504B6CC21387189006E7FAF /* SearchViewController.swift in Sources */ = {isa = PBXBuildFile; fileRef = 5504B6CB21387189006E7FAF /* SearchViewController.swift */; };
		55118B8A213C5C23003AE235 /* SettingsViewController.swift in Sources */ = {isa = PBXBuildFile; fileRef = 55118B89213C5C23003AE235 /* SettingsViewController.swift */; };
		55118B8D213C5E80003AE235 /* Model.xcdatamodeld in Sources */ = {isa = PBXBuildFile; fileRef = 55118B8B213C5E80003AE235 /* Model.xcdatamodeld */; };
		551E62AA2146E5B0004E75CD /* PrintingsInfoViewController.swift in Sources */ = {isa = PBXBuildFile; fileRef = 551E62A92146E5B0004E75CD /* PrintingsInfoViewController.swift */; };
		551FC6652148413E00209A97 /* SwitchViewController.swift in Sources */ = {isa = PBXBuildFile; fileRef = 551FC6642148413E00209A97 /* SwitchViewController.swift */; };
		5522A6A8215174E00069AEF8 /* DeckViewController.swift in Sources */ = {isa = PBXBuildFile; fileRef = 5522A6A7215174E00069AEF8 /* DeckViewController.swift */; };
		5522A6B2215175950069AEF8 /* DeckCard+CoreDataClass.swift in Sources */ = {isa = PBXBuildFile; fileRef = 5522A6AC215175950069AEF8 /* DeckCard+CoreDataClass.swift */; };
		5522A6B3215175950069AEF8 /* DeckCard+CoreDataProperties.swift in Sources */ = {isa = PBXBuildFile; fileRef = 5522A6AD215175950069AEF8 /* DeckCard+CoreDataProperties.swift */; };
		5522A6B6215178FC0069AEF8 /* DeckCardCell.swift in Sources */ = {isa = PBXBuildFile; fileRef = 5522A6B5215178FC0069AEF8 /* DeckCardCell.swift */; };
		5541A92A21337C66000D0BA9 /* LifeCounterHistoryViewController.swift in Sources */ = {isa = PBXBuildFile; fileRef = 5541A92921337C66000D0BA9 /* LifeCounterHistoryViewController.swift */; };
		5541A92C21337D28000D0BA9 /* GameHistoryCell.swift in Sources */ = {isa = PBXBuildFile; fileRef = 5541A92B21337D28000D0BA9 /* GameHistoryCell.swift */; };
		5545D07E212B6BA800B13120 /* PlayerLifeView.xib in Resources */ = {isa = PBXBuildFile; fileRef = 5545D07D212B6BA800B13120 /* PlayerLifeView.xib */; };
		5545D080212B6C7C00B13120 /* PlayerLifeView.swift in Sources */ = {isa = PBXBuildFile; fileRef = 5545D07F212B6C7C00B13120 /* PlayerLifeView.swift */; };
		555067DC2141A30900186422 /* CardInfoPageViewController.swift in Sources */ = {isa = PBXBuildFile; fileRef = 555067DB2141A30800186422 /* CardInfoPageViewController.swift */; };
		555067DE2141AC2100186422 /* TextInfoViewController.swift in Sources */ = {isa = PBXBuildFile; fileRef = 555067DD2141AC2100186422 /* TextInfoViewController.swift */; };
		555067E02141AC3200186422 /* RulingsInfoViewController.swift in Sources */ = {isa = PBXBuildFile; fileRef = 555067DF2141AC3200186422 /* RulingsInfoViewController.swift */; };
		555D35C121346944002F03BF /* GameEvent.swift in Sources */ = {isa = PBXBuildFile; fileRef = 555D35C021346944002F03BF /* GameEvent.swift */; };
		556FB4A621D40EAB00CBAEC3 /* Turn.swift in Sources */ = {isa = PBXBuildFile; fileRef = 556FB4A521D40EAB00CBAEC3 /* Turn.swift */; };
		5570B25A2142EF3F0004764B /* ConvertedManaCostView.swift in Sources */ = {isa = PBXBuildFile; fileRef = 5570B2592142EF3F0004764B /* ConvertedManaCostView.swift */; };
		55865E21212C7C840025D771 /* Player.swift in Sources */ = {isa = PBXBuildFile; fileRef = 55865E20212C7C840025D771 /* Player.swift */; };
		55865E25212DE7720025D771 /* PlayerNumberViewController.swift in Sources */ = {isa = PBXBuildFile; fileRef = 55865E24212DE7720025D771 /* PlayerNumberViewController.swift */; };
		5586E4B1213C6ADC00FAAA0E /* Card+CoreDataClass.swift in Sources */ = {isa = PBXBuildFile; fileRef = 5586E4AF213C6ADC00FAAA0E /* Card+CoreDataClass.swift */; };
		5586E4B4213C787E00FAAA0E /* JsonCard.swift in Sources */ = {isa = PBXBuildFile; fileRef = 5586E4B3213C787E00FAAA0E /* JsonCard.swift */; };
		55A0A69B214ACE7F0043E2A7 /* DeckListViewController.swift in Sources */ = {isa = PBXBuildFile; fileRef = 55A0A69A214ACE7F0043E2A7 /* DeckListViewController.swift */; };
		55A0A69E214AD2DE0043E2A7 /* Deck+CoreDataClass.swift in Sources */ = {isa = PBXBuildFile; fileRef = 55A0A69C214AD2DE0043E2A7 /* Deck+CoreDataClass.swift */; };
		55A0A69F214AD2DE0043E2A7 /* Deck+CoreDataProperties.swift in Sources */ = {isa = PBXBuildFile; fileRef = 55A0A69D214AD2DE0043E2A7 /* Deck+CoreDataProperties.swift */; };
		55A0A6A2214AE4810043E2A7 /* DeckCell.swift in Sources */ = {isa = PBXBuildFile; fileRef = 55A0A6A1214AE4810043E2A7 /* DeckCell.swift */; };
		55C305852135C609003B3CE3 /* LifeCounterCustomizationViewController.swift in Sources */ = {isa = PBXBuildFile; fileRef = 55C305842135C609003B3CE3 /* LifeCounterCustomizationViewController.swift */; };
		55C305872135C671003B3CE3 /* PlayerCell.swift in Sources */ = {isa = PBXBuildFile; fileRef = 55C305862135C671003B3CE3 /* PlayerCell.swift */; };
		55C3058B2135DEFF003B3CE3 /* ColorCell.swift in Sources */ = {isa = PBXBuildFile; fileRef = 55C3058A2135DEFF003B3CE3 /* ColorCell.swift */; };
		55C812182141D8890026A36C /* ConvertedManaCostView.xib in Resources */ = {isa = PBXBuildFile; fileRef = 55C812172141D8890026A36C /* ConvertedManaCostView.xib */; };
		55DFC32C212F54BA009EB768 /* Die.swift in Sources */ = {isa = PBXBuildFile; fileRef = 55DFC32B212F54BA009EB768 /* Die.swift */; };
		55DFC32E21307EAA009EB768 /* Constants.swift in Sources */ = {isa = PBXBuildFile; fileRef = 55DFC32D21307EAA009EB768 /* Constants.swift */; };
		55E015A3214080AF00C51613 /* CardViewController.swift in Sources */ = {isa = PBXBuildFile; fileRef = 55E015A2214080AF00C51613 /* CardViewController.swift */; };
		55E015A5214084C300C51613 /* Utilities.swift in Sources */ = {isa = PBXBuildFile; fileRef = 55E015A4214084C300C51613 /* Utilities.swift */; };
		55FA451D212B222A0003FB43 /* AppDelegate.swift in Sources */ = {isa = PBXBuildFile; fileRef = 55FA451C212B222A0003FB43 /* AppDelegate.swift */; };
		55FA4522212B222A0003FB43 /* Main.storyboard in Resources */ = {isa = PBXBuildFile; fileRef = 55FA4520212B222A0003FB43 /* Main.storyboard */; };
		55FA4524212B222B0003FB43 /* Assets.xcassets in Resources */ = {isa = PBXBuildFile; fileRef = 55FA4523212B222B0003FB43 /* Assets.xcassets */; };
		55FA4527212B222B0003FB43 /* LaunchScreen.storyboard in Resources */ = {isa = PBXBuildFile; fileRef = 55FA4525212B222B0003FB43 /* LaunchScreen.storyboard */; };
		55FA4532212B23AB0003FB43 /* LifeCounterViewController.swift in Sources */ = {isa = PBXBuildFile; fileRef = 55FA4531212B23AB0003FB43 /* LifeCounterViewController.swift */; };
		55FA4534212B23EF0003FB43 /* GameTracker.swift in Sources */ = {isa = PBXBuildFile; fileRef = 55FA4533212B23EF0003FB43 /* GameTracker.swift */; };
/* End PBXBuildFile section */

/* Begin PBXFileReference section */
		55007061213EF57100CB8032 /* CardSet+CoreDataClass.swift */ = {isa = PBXFileReference; lastKnownFileType = sourcecode.swift; path = "CardSet+CoreDataClass.swift"; sourceTree = "<group>"; };
		55007062213EF57100CB8032 /* CardSet+CoreDataProperties.swift */ = {isa = PBXFileReference; lastKnownFileType = sourcecode.swift; path = "CardSet+CoreDataProperties.swift"; sourceTree = "<group>"; };
		55007063213EF57100CB8032 /* Card+CoreDataProperties.swift */ = {isa = PBXFileReference; lastKnownFileType = sourcecode.swift; path = "Card+CoreDataProperties.swift"; sourceTree = "<group>"; };
		55007064213EF57100CB8032 /* UniqueCard+CoreDataClass.swift */ = {isa = PBXFileReference; lastKnownFileType = sourcecode.swift; path = "UniqueCard+CoreDataClass.swift"; sourceTree = "<group>"; };
		55007065213EF57100CB8032 /* UniqueCard+CoreDataProperties.swift */ = {isa = PBXFileReference; lastKnownFileType = sourcecode.swift; path = "UniqueCard+CoreDataProperties.swift"; sourceTree = "<group>"; };
		5500706C214043C100CB8032 /* CardCell.swift */ = {isa = PBXFileReference; lastKnownFileType = sourcecode.swift; path = CardCell.swift; sourceTree = "<group>"; };
		5504B6CB21387189006E7FAF /* SearchViewController.swift */ = {isa = PBXFileReference; lastKnownFileType = sourcecode.swift; path = SearchViewController.swift; sourceTree = "<group>"; };
		55118B89213C5C23003AE235 /* SettingsViewController.swift */ = {isa = PBXFileReference; lastKnownFileType = sourcecode.swift; path = SettingsViewController.swift; sourceTree = "<group>"; };
		55118B8C213C5E80003AE235 /* Model.xcdatamodel */ = {isa = PBXFileReference; lastKnownFileType = wrapper.xcdatamodel; path = Model.xcdatamodel; sourceTree = "<group>"; };
		551E62A92146E5B0004E75CD /* PrintingsInfoViewController.swift */ = {isa = PBXFileReference; lastKnownFileType = sourcecode.swift; path = PrintingsInfoViewController.swift; sourceTree = "<group>"; };
		551FC6642148413E00209A97 /* SwitchViewController.swift */ = {isa = PBXFileReference; lastKnownFileType = sourcecode.swift; path = SwitchViewController.swift; sourceTree = "<group>"; };
		5522A6A7215174E00069AEF8 /* DeckViewController.swift */ = {isa = PBXFileReference; lastKnownFileType = sourcecode.swift; path = DeckViewController.swift; sourceTree = "<group>"; };
		5522A6AC215175950069AEF8 /* DeckCard+CoreDataClass.swift */ = {isa = PBXFileReference; lastKnownFileType = sourcecode.swift; path = "DeckCard+CoreDataClass.swift"; sourceTree = "<group>"; };
		5522A6AD215175950069AEF8 /* DeckCard+CoreDataProperties.swift */ = {isa = PBXFileReference; lastKnownFileType = sourcecode.swift; path = "DeckCard+CoreDataProperties.swift"; sourceTree = "<group>"; };
		5522A6B5215178FC0069AEF8 /* DeckCardCell.swift */ = {isa = PBXFileReference; lastKnownFileType = sourcecode.swift; path = DeckCardCell.swift; sourceTree = "<group>"; };
		5541A92921337C66000D0BA9 /* LifeCounterHistoryViewController.swift */ = {isa = PBXFileReference; lastKnownFileType = sourcecode.swift; path = LifeCounterHistoryViewController.swift; sourceTree = "<group>"; };
		5541A92B21337D28000D0BA9 /* GameHistoryCell.swift */ = {isa = PBXFileReference; lastKnownFileType = sourcecode.swift; path = GameHistoryCell.swift; sourceTree = "<group>"; };
		5545D07D212B6BA800B13120 /* PlayerLifeView.xib */ = {isa = PBXFileReference; lastKnownFileType = file.xib; path = PlayerLifeView.xib; sourceTree = "<group>"; };
		5545D07F212B6C7C00B13120 /* PlayerLifeView.swift */ = {isa = PBXFileReference; lastKnownFileType = sourcecode.swift; path = PlayerLifeView.swift; sourceTree = "<group>"; };
		555067DB2141A30800186422 /* CardInfoPageViewController.swift */ = {isa = PBXFileReference; lastKnownFileType = sourcecode.swift; path = CardInfoPageViewController.swift; sourceTree = "<group>"; };
		555067DD2141AC2100186422 /* TextInfoViewController.swift */ = {isa = PBXFileReference; lastKnownFileType = sourcecode.swift; path = TextInfoViewController.swift; sourceTree = "<group>"; };
		555067DF2141AC3200186422 /* RulingsInfoViewController.swift */ = {isa = PBXFileReference; lastKnownFileType = sourcecode.swift; path = RulingsInfoViewController.swift; sourceTree = "<group>"; };
		555D35C021346944002F03BF /* GameEvent.swift */ = {isa = PBXFileReference; lastKnownFileType = sourcecode.swift; path = GameEvent.swift; sourceTree = "<group>"; };
		556FB4A521D40EAB00CBAEC3 /* Turn.swift */ = {isa = PBXFileReference; lastKnownFileType = sourcecode.swift; path = Turn.swift; sourceTree = "<group>"; };
		5570B2592142EF3F0004764B /* ConvertedManaCostView.swift */ = {isa = PBXFileReference; fileEncoding = 4; lastKnownFileType = sourcecode.swift; path = ConvertedManaCostView.swift; sourceTree = "<group>"; };
		55865E20212C7C840025D771 /* Player.swift */ = {isa = PBXFileReference; lastKnownFileType = sourcecode.swift; path = Player.swift; sourceTree = "<group>"; };
		55865E24212DE7720025D771 /* PlayerNumberViewController.swift */ = {isa = PBXFileReference; lastKnownFileType = sourcecode.swift; path = PlayerNumberViewController.swift; sourceTree = "<group>"; };
		5586E4AF213C6ADC00FAAA0E /* Card+CoreDataClass.swift */ = {isa = PBXFileReference; lastKnownFileType = sourcecode.swift; path = "Card+CoreDataClass.swift"; sourceTree = "<group>"; };
		5586E4B3213C787E00FAAA0E /* JsonCard.swift */ = {isa = PBXFileReference; lastKnownFileType = sourcecode.swift; path = JsonCard.swift; sourceTree = "<group>"; };
		55A0A69A214ACE7F0043E2A7 /* DeckListViewController.swift */ = {isa = PBXFileReference; lastKnownFileType = sourcecode.swift; path = DeckListViewController.swift; sourceTree = "<group>"; };
		55A0A69C214AD2DE0043E2A7 /* Deck+CoreDataClass.swift */ = {isa = PBXFileReference; lastKnownFileType = sourcecode.swift; path = "Deck+CoreDataClass.swift"; sourceTree = "<group>"; };
		55A0A69D214AD2DE0043E2A7 /* Deck+CoreDataProperties.swift */ = {isa = PBXFileReference; lastKnownFileType = sourcecode.swift; path = "Deck+CoreDataProperties.swift"; sourceTree = "<group>"; };
		55A0A6A1214AE4810043E2A7 /* DeckCell.swift */ = {isa = PBXFileReference; lastKnownFileType = sourcecode.swift; path = DeckCell.swift; sourceTree = "<group>"; };
		55C305842135C609003B3CE3 /* LifeCounterCustomizationViewController.swift */ = {isa = PBXFileReference; lastKnownFileType = sourcecode.swift; path = LifeCounterCustomizationViewController.swift; sourceTree = "<group>"; };
		55C305862135C671003B3CE3 /* PlayerCell.swift */ = {isa = PBXFileReference; lastKnownFileType = sourcecode.swift; path = PlayerCell.swift; sourceTree = "<group>"; };
		55C3058A2135DEFF003B3CE3 /* ColorCell.swift */ = {isa = PBXFileReference; lastKnownFileType = sourcecode.swift; path = ColorCell.swift; sourceTree = "<group>"; };
		55C812172141D8890026A36C /* ConvertedManaCostView.xib */ = {isa = PBXFileReference; lastKnownFileType = file.xib; path = ConvertedManaCostView.xib; sourceTree = "<group>"; };
		55DFC32B212F54BA009EB768 /* Die.swift */ = {isa = PBXFileReference; lastKnownFileType = sourcecode.swift; path = Die.swift; sourceTree = "<group>"; };
		55DFC32D21307EAA009EB768 /* Constants.swift */ = {isa = PBXFileReference; lastKnownFileType = sourcecode.swift; path = Constants.swift; sourceTree = "<group>"; };
		55E015A2214080AF00C51613 /* CardViewController.swift */ = {isa = PBXFileReference; lastKnownFileType = sourcecode.swift; path = CardViewController.swift; sourceTree = "<group>"; };
		55E015A4214084C300C51613 /* Utilities.swift */ = {isa = PBXFileReference; lastKnownFileType = sourcecode.swift; path = Utilities.swift; sourceTree = "<group>"; };
		55FA4519212B222A0003FB43 /* MTGUtilities.app */ = {isa = PBXFileReference; explicitFileType = wrapper.application; includeInIndex = 0; path = MTGUtilities.app; sourceTree = BUILT_PRODUCTS_DIR; };
		55FA451C212B222A0003FB43 /* AppDelegate.swift */ = {isa = PBXFileReference; lastKnownFileType = sourcecode.swift; path = AppDelegate.swift; sourceTree = "<group>"; };
		55FA4521212B222A0003FB43 /* Base */ = {isa = PBXFileReference; lastKnownFileType = file.storyboard; name = Base; path = Base.lproj/Main.storyboard; sourceTree = "<group>"; };
		55FA4523212B222B0003FB43 /* Assets.xcassets */ = {isa = PBXFileReference; lastKnownFileType = folder.assetcatalog; path = Assets.xcassets; sourceTree = "<group>"; };
		55FA4526212B222B0003FB43 /* Base */ = {isa = PBXFileReference; lastKnownFileType = file.storyboard; name = Base; path = Base.lproj/LaunchScreen.storyboard; sourceTree = "<group>"; };
		55FA4528212B222B0003FB43 /* Info.plist */ = {isa = PBXFileReference; lastKnownFileType = text.plist.xml; path = Info.plist; sourceTree = "<group>"; };
		55FA4531212B23AB0003FB43 /* LifeCounterViewController.swift */ = {isa = PBXFileReference; lastKnownFileType = sourcecode.swift; path = LifeCounterViewController.swift; sourceTree = "<group>"; };
		55FA4533212B23EF0003FB43 /* GameTracker.swift */ = {isa = PBXFileReference; lastKnownFileType = sourcecode.swift; path = GameTracker.swift; sourceTree = "<group>"; };
/* End PBXFileReference section */

/* Begin PBXFrameworksBuildPhase section */
		55FA4516212B222A0003FB43 /* Frameworks */ = {
			isa = PBXFrameworksBuildPhase;
			buildActionMask = 2147483647;
			files = (
			);
			runOnlyForDeploymentPostprocessing = 0;
		};
/* End PBXFrameworksBuildPhase section */

/* Begin PBXGroup section */
		5500706B214041A400CB8032 /* Supporting Files */ = {
			isa = PBXGroup;
			children = (
				55FA451C212B222A0003FB43 /* AppDelegate.swift */,
				55FA4523212B222B0003FB43 /* Assets.xcassets */,
				55FA4525212B222B0003FB43 /* LaunchScreen.storyboard */,
				55DFC32D21307EAA009EB768 /* Constants.swift */,
				55E015A4214084C300C51613 /* Utilities.swift */,
			);
			path = "Supporting Files";
			sourceTree = "<group>";
		};
		5504B6C621386F09006E7FAF /* Life Counter */ = {
			isa = PBXGroup;
			children = (
				55C305802135B8D6003B3CE3 /* Life Counter Customization */,
				5541A92521337C19000D0BA9 /* Life Counter History */,
				55865E22212DE2D70025D771 /* Life Counter Main */,
			);
			path = "Life Counter";
			sourceTree = "<group>";
		};
		5504B6C721386F1C006E7FAF /* Card Search */ = {
			isa = PBXGroup;
			children = (
				551FC66621497DE200209A97 /* Search */,
				551FC66721497E0B00209A97 /* Card Display */,
			);
			path = "Card Search";
			sourceTree = "<group>";
		};
		5504B6C82138714A006E7FAF /* View */ = {
			isa = PBXGroup;
			children = (
				5570B2592142EF3F0004764B /* ConvertedManaCostView.swift */,
				55C812172141D8890026A36C /* ConvertedManaCostView.xib */,
			);
			path = View;
			sourceTree = "<group>";
		};
		55118B85213C509F003AE235 /* Settings */ = {
			isa = PBXGroup;
			children = (
				55118B89213C5C23003AE235 /* SettingsViewController.swift */,
			);
			path = Settings;
			sourceTree = "<group>";
		};
		55118B92213C6739003AE235 /* Core Data */ = {
			isa = PBXGroup;
			children = (
				55007061213EF57100CB8032 /* CardSet+CoreDataClass.swift */,
				55007064213EF57100CB8032 /* UniqueCard+CoreDataClass.swift */,
				5586E4AF213C6ADC00FAAA0E /* Card+CoreDataClass.swift */,
				55A0A69C214AD2DE0043E2A7 /* Deck+CoreDataClass.swift */,
				5522A6AC215175950069AEF8 /* DeckCard+CoreDataClass.swift */,
				55007062213EF57100CB8032 /* CardSet+CoreDataProperties.swift */,
				55007065213EF57100CB8032 /* UniqueCard+CoreDataProperties.swift */,
				55007063213EF57100CB8032 /* Card+CoreDataProperties.swift */,
				55A0A69D214AD2DE0043E2A7 /* Deck+CoreDataProperties.swift */,
				5522A6AD215175950069AEF8 /* DeckCard+CoreDataProperties.swift */,
				55118B8B213C5E80003AE235 /* Model.xcdatamodeld */,
			);
			path = "Core Data";
			sourceTree = "<group>";
		};
		551FC66621497DE200209A97 /* Search */ = {
			isa = PBXGroup;
			children = (
				5504B6CB21387189006E7FAF /* SearchViewController.swift */,
				5500706C214043C100CB8032 /* CardCell.swift */,
			);
			path = Search;
			sourceTree = "<group>";
		};
		551FC66721497E0B00209A97 /* Card Display */ = {
			isa = PBXGroup;
			children = (
				55E015A2214080AF00C51613 /* CardViewController.swift */,
				551FC66821497E2600209A97 /* Pages */,
			);
			path = "Card Display";
			sourceTree = "<group>";
		};
		551FC66821497E2600209A97 /* Pages */ = {
			isa = PBXGroup;
			children = (
				555067DB2141A30800186422 /* CardInfoPageViewController.swift */,
				555067DD2141AC2100186422 /* TextInfoViewController.swift */,
				551E62A92146E5B0004E75CD /* PrintingsInfoViewController.swift */,
				555067DF2141AC3200186422 /* RulingsInfoViewController.swift */,
				551FC6642148413E00209A97 /* SwitchViewController.swift */,
				5504B6C82138714A006E7FAF /* View */,
			);
			path = Pages;
			sourceTree = "<group>";
		};
		5541A92521337C19000D0BA9 /* Life Counter History */ = {
			isa = PBXGroup;
			children = (
				5541A92921337C66000D0BA9 /* LifeCounterHistoryViewController.swift */,
				5541A92721337C33000D0BA9 /* View */,
			);
			path = "Life Counter History";
			sourceTree = "<group>";
		};
		5541A92721337C33000D0BA9 /* View */ = {
			isa = PBXGroup;
			children = (
				5541A92B21337D28000D0BA9 /* GameHistoryCell.swift */,
			);
			path = View;
			sourceTree = "<group>";
		};
		55865E22212DE2D70025D771 /* Life Counter Main */ = {
			isa = PBXGroup;
			children = (
				55865E24212DE7720025D771 /* PlayerNumberViewController.swift */,
				55FA4531212B23AB0003FB43 /* LifeCounterViewController.swift */,
				55FA452F212B23820003FB43 /* View */,
				55FA452E212B23720003FB43 /* Model */,
			);
			path = "Life Counter Main";
			sourceTree = "<group>";
		};
		5586E4B5213C788A00FAAA0E /* MtgJson */ = {
			isa = PBXGroup;
			children = (
				5586E4B3213C787E00FAAA0E /* JsonCard.swift */,
			);
			path = MtgJson;
			sourceTree = "<group>";
		};
		55A0A694214ABE240043E2A7 /* Deck */ = {
			isa = PBXGroup;
			children = (
				55A0A69A214ACE7F0043E2A7 /* DeckListViewController.swift */,
				5522A6A7215174E00069AEF8 /* DeckViewController.swift */,
				55A0A6A0214AE4700043E2A7 /* View */,
			);
			path = Deck;
			sourceTree = "<group>";
		};
		55A0A6A0214AE4700043E2A7 /* View */ = {
			isa = PBXGroup;
			children = (
				55A0A6A1214AE4810043E2A7 /* DeckCell.swift */,
				5522A6B5215178FC0069AEF8 /* DeckCardCell.swift */,
			);
			path = View;
			sourceTree = "<group>";
		};
		55C305802135B8D6003B3CE3 /* Life Counter Customization */ = {
			isa = PBXGroup;
			children = (
				55C305842135C609003B3CE3 /* LifeCounterCustomizationViewController.swift */,
				55C305822135B8EE003B3CE3 /* View */,
			);
			path = "Life Counter Customization";
			sourceTree = "<group>";
		};
		55C305822135B8EE003B3CE3 /* View */ = {
			isa = PBXGroup;
			children = (
				55C305862135C671003B3CE3 /* PlayerCell.swift */,
				55C3058A2135DEFF003B3CE3 /* ColorCell.swift */,
			);
			path = View;
			sourceTree = "<group>";
		};
		55FA4510212B222A0003FB43 = {
			isa = PBXGroup;
			children = (
				55FA451B212B222A0003FB43 /* MTGUtilities */,
				55FA451A212B222A0003FB43 /* Products */,
			);
			sourceTree = "<group>";
		};
		55FA451A212B222A0003FB43 /* Products */ = {
			isa = PBXGroup;
			children = (
				55FA4519212B222A0003FB43 /* MTGUtilities.app */,
			);
			name = Products;
			sourceTree = "<group>";
		};
		55FA451B212B222A0003FB43 /* MTGUtilities */ = {
			isa = PBXGroup;
			children = (
				5586E4B5213C788A00FAAA0E /* MtgJson */,
				55118B92213C6739003AE235 /* Core Data */,
				5504B6C721386F1C006E7FAF /* Card Search */,
				55A0A694214ABE240043E2A7 /* Deck */,
				5504B6C621386F09006E7FAF /* Life Counter */,
				55118B85213C509F003AE235 /* Settings */,
				5500706B214041A400CB8032 /* Supporting Files */,
				55FA4520212B222A0003FB43 /* Main.storyboard */,
				55FA4528212B222B0003FB43 /* Info.plist */,
			);
			path = MTGUtilities;
			sourceTree = "<group>";
		};
		55FA452E212B23720003FB43 /* Model */ = {
			isa = PBXGroup;
			children = (
				55FA4533212B23EF0003FB43 /* GameTracker.swift */,
				55865E20212C7C840025D771 /* Player.swift */,
				555D35C021346944002F03BF /* GameEvent.swift */,
				556FB4A521D40EAB00CBAEC3 /* Turn.swift */,
			);
			path = Model;
			sourceTree = "<group>";
		};
		55FA452F212B23820003FB43 /* View */ = {
			isa = PBXGroup;
			children = (
				5545D07D212B6BA800B13120 /* PlayerLifeView.xib */,
				5545D07F212B6C7C00B13120 /* PlayerLifeView.swift */,
				55DFC32B212F54BA009EB768 /* Die.swift */,
			);
			path = View;
			sourceTree = "<group>";
		};
/* End PBXGroup section */

/* Begin PBXNativeTarget section */
		55FA4518212B222A0003FB43 /* MTGUtilities */ = {
			isa = PBXNativeTarget;
			buildConfigurationList = 55FA452B212B222B0003FB43 /* Build configuration list for PBXNativeTarget "MTGUtilities" */;
			buildPhases = (
				55FA4515212B222A0003FB43 /* Sources */,
				55FA4516212B222A0003FB43 /* Frameworks */,
				55FA4517212B222A0003FB43 /* Resources */,
			);
			buildRules = (
			);
			dependencies = (
			);
			name = MTGUtilities;
			productName = MTGUtilities;
			productReference = 55FA4519212B222A0003FB43 /* MTGUtilities.app */;
			productType = "com.apple.product-type.application";
		};
/* End PBXNativeTarget section */

/* Begin PBXProject section */
		55FA4511212B222A0003FB43 /* Project object */ = {
			isa = PBXProject;
			attributes = {
				LastSwiftUpdateCheck = 0940;
				LastUpgradeCheck = 1240;
				ORGANIZATIONNAME = "Timothy Rediehs";
				TargetAttributes = {
					55FA4518212B222A0003FB43 = {
						CreatedOnToolsVersion = 9.4.1;
						LastSwiftMigration = 1000;
					};
				};
			};
			buildConfigurationList = 55FA4514212B222A0003FB43 /* Build configuration list for PBXProject "MTGUtilities" */;
			compatibilityVersion = "Xcode 9.3";
			developmentRegion = en;
			hasScannedForEncodings = 0;
			knownRegions = (
				en,
				Base,
			);
			mainGroup = 55FA4510212B222A0003FB43;
			productRefGroup = 55FA451A212B222A0003FB43 /* Products */;
			projectDirPath = "";
			projectRoot = "";
			targets = (
				55FA4518212B222A0003FB43 /* MTGUtilities */,
			);
		};
/* End PBXProject section */

/* Begin PBXResourcesBuildPhase section */
		55FA4517212B222A0003FB43 /* Resources */ = {
			isa = PBXResourcesBuildPhase;
			buildActionMask = 2147483647;
			files = (
				55C812182141D8890026A36C /* ConvertedManaCostView.xib in Resources */,
				55FA4527212B222B0003FB43 /* LaunchScreen.storyboard in Resources */,
				55FA4524212B222B0003FB43 /* Assets.xcassets in Resources */,
				55FA4522212B222A0003FB43 /* Main.storyboard in Resources */,
				5545D07E212B6BA800B13120 /* PlayerLifeView.xib in Resources */,
			);
			runOnlyForDeploymentPostprocessing = 0;
		};
/* End PBXResourcesBuildPhase section */

/* Begin PBXSourcesBuildPhase section */
		55FA4515212B222A0003FB43 /* Sources */ = {
			isa = PBXSourcesBuildPhase;
			buildActionMask = 2147483647;
			files = (
				5522A6B2215175950069AEF8 /* DeckCard+CoreDataClass.swift in Sources */,
				5522A6B6215178FC0069AEF8 /* DeckCardCell.swift in Sources */,
				5504B6CC21387189006E7FAF /* SearchViewController.swift in Sources */,
				55A0A69B214ACE7F0043E2A7 /* DeckListViewController.swift in Sources */,
				55FA451D212B222A0003FB43 /* AppDelegate.swift in Sources */,
				55FA4534212B23EF0003FB43 /* GameTracker.swift in Sources */,
				55007067213EF57100CB8032 /* CardSet+CoreDataProperties.swift in Sources */,
				5586E4B4213C787E00FAAA0E /* JsonCard.swift in Sources */,
				55007069213EF57100CB8032 /* UniqueCard+CoreDataClass.swift in Sources */,
				5522A6B3215175950069AEF8 /* DeckCard+CoreDataProperties.swift in Sources */,
				551FC6652148413E00209A97 /* SwitchViewController.swift in Sources */,
				5500706A213EF57100CB8032 /* UniqueCard+CoreDataProperties.swift in Sources */,
				5522A6A8215174E00069AEF8 /* DeckViewController.swift in Sources */,
				555067E02141AC3200186422 /* RulingsInfoViewController.swift in Sources */,
				555D35C121346944002F03BF /* GameEvent.swift in Sources */,
				55DFC32C212F54BA009EB768 /* Die.swift in Sources */,
				55865E25212DE7720025D771 /* PlayerNumberViewController.swift in Sources */,
				55E015A3214080AF00C51613 /* CardViewController.swift in Sources */,
				55FA4532212B23AB0003FB43 /* LifeCounterViewController.swift in Sources */,
				55118B8A213C5C23003AE235 /* SettingsViewController.swift in Sources */,
				55118B8D213C5E80003AE235 /* Model.xcdatamodeld in Sources */,
				55007066213EF57100CB8032 /* CardSet+CoreDataClass.swift in Sources */,
				5570B25A2142EF3F0004764B /* ConvertedManaCostView.swift in Sources */,
				555067DC2141A30900186422 /* CardInfoPageViewController.swift in Sources */,
				55E015A5214084C300C51613 /* Utilities.swift in Sources */,
				5586E4B1213C6ADC00FAAA0E /* Card+CoreDataClass.swift in Sources */,
				5541A92C21337D28000D0BA9 /* GameHistoryCell.swift in Sources */,
				551E62AA2146E5B0004E75CD /* PrintingsInfoViewController.swift in Sources */,
				55865E21212C7C840025D771 /* Player.swift in Sources */,
				5541A92A21337C66000D0BA9 /* LifeCounterHistoryViewController.swift in Sources */,
				55C3058B2135DEFF003B3CE3 /* ColorCell.swift in Sources */,
				5545D080212B6C7C00B13120 /* PlayerLifeView.swift in Sources */,
				5500706D214043C100CB8032 /* CardCell.swift in Sources */,
				55DFC32E21307EAA009EB768 /* Constants.swift in Sources */,
				556FB4A621D40EAB00CBAEC3 /* Turn.swift in Sources */,
				55007068213EF57100CB8032 /* Card+CoreDataProperties.swift in Sources */,
				55A0A69E214AD2DE0043E2A7 /* Deck+CoreDataClass.swift in Sources */,
				555067DE2141AC2100186422 /* TextInfoViewController.swift in Sources */,
				55C305852135C609003B3CE3 /* LifeCounterCustomizationViewController.swift in Sources */,
				55A0A69F214AD2DE0043E2A7 /* Deck+CoreDataProperties.swift in Sources */,
				55A0A6A2214AE4810043E2A7 /* DeckCell.swift in Sources */,
				55C305872135C671003B3CE3 /* PlayerCell.swift in Sources */,
			);
			runOnlyForDeploymentPostprocessing = 0;
		};
/* End PBXSourcesBuildPhase section */

/* Begin PBXVariantGroup section */
		55FA4520212B222A0003FB43 /* Main.storyboard */ = {
			isa = PBXVariantGroup;
			children = (
				55FA4521212B222A0003FB43 /* Base */,
			);
			name = Main.storyboard;
			sourceTree = "<group>";
		};
		55FA4525212B222B0003FB43 /* LaunchScreen.storyboard */ = {
			isa = PBXVariantGroup;
			children = (
				55FA4526212B222B0003FB43 /* Base */,
			);
			name = LaunchScreen.storyboard;
			sourceTree = "<group>";
		};
/* End PBXVariantGroup section */

/* Begin XCBuildConfiguration section */
		55FA4529212B222B0003FB43 /* Debug */ = {
			isa = XCBuildConfiguration;
			buildSettings = {
				ALWAYS_SEARCH_USER_PATHS = NO;
				CLANG_ANALYZER_NONNULL = YES;
				CLANG_ANALYZER_NUMBER_OBJECT_CONVERSION = YES_AGGRESSIVE;
				CLANG_CXX_LANGUAGE_STANDARD = "gnu++14";
				CLANG_CXX_LIBRARY = "libc++";
				CLANG_ENABLE_MODULES = YES;
				CLANG_ENABLE_OBJC_ARC = YES;
				CLANG_ENABLE_OBJC_WEAK = YES;
				CLANG_WARN_BLOCK_CAPTURE_AUTORELEASING = YES;
				CLANG_WARN_BOOL_CONVERSION = YES;
				CLANG_WARN_COMMA = YES;
				CLANG_WARN_CONSTANT_CONVERSION = YES;
				CLANG_WARN_DEPRECATED_OBJC_IMPLEMENTATIONS = YES;
				CLANG_WARN_DIRECT_OBJC_ISA_USAGE = YES_ERROR;
				CLANG_WARN_DOCUMENTATION_COMMENTS = YES;
				CLANG_WARN_EMPTY_BODY = YES;
				CLANG_WARN_ENUM_CONVERSION = YES;
				CLANG_WARN_INFINITE_RECURSION = YES;
				CLANG_WARN_INT_CONVERSION = YES;
				CLANG_WARN_NON_LITERAL_NULL_CONVERSION = YES;
				CLANG_WARN_OBJC_IMPLICIT_RETAIN_SELF = YES;
				CLANG_WARN_OBJC_LITERAL_CONVERSION = YES;
				CLANG_WARN_OBJC_ROOT_CLASS = YES_ERROR;
				CLANG_WARN_QUOTED_INCLUDE_IN_FRAMEWORK_HEADER = YES;
				CLANG_WARN_RANGE_LOOP_ANALYSIS = YES;
				CLANG_WARN_STRICT_PROTOTYPES = YES;
				CLANG_WARN_SUSPICIOUS_MOVE = YES;
				CLANG_WARN_UNGUARDED_AVAILABILITY = YES_AGGRESSIVE;
				CLANG_WARN_UNREACHABLE_CODE = YES;
				CLANG_WARN__DUPLICATE_METHOD_MATCH = YES;
				CODE_SIGN_IDENTITY = "iPhone Developer";
				COPY_PHASE_STRIP = NO;
				DEBUG_INFORMATION_FORMAT = dwarf;
				ENABLE_STRICT_OBJC_MSGSEND = YES;
				ENABLE_TESTABILITY = YES;
				GCC_C_LANGUAGE_STANDARD = gnu11;
				GCC_DYNAMIC_NO_PIC = NO;
				GCC_NO_COMMON_BLOCKS = YES;
				GCC_OPTIMIZATION_LEVEL = 0;
				GCC_PREPROCESSOR_DEFINITIONS = (
					"DEBUG=1",
					"$(inherited)",
				);
				GCC_WARN_64_TO_32_BIT_CONVERSION = YES;
				GCC_WARN_ABOUT_RETURN_TYPE = YES_ERROR;
				GCC_WARN_UNDECLARED_SELECTOR = YES;
				GCC_WARN_UNINITIALIZED_AUTOS = YES_AGGRESSIVE;
				GCC_WARN_UNUSED_FUNCTION = YES;
				GCC_WARN_UNUSED_VARIABLE = YES;
				IPHONEOS_DEPLOYMENT_TARGET = 12.0;
				MTL_ENABLE_DEBUG_INFO = YES;
				ONLY_ACTIVE_ARCH = YES;
				SDKROOT = iphoneos;
				SWIFT_ACTIVE_COMPILATION_CONDITIONS = DEBUG;
				SWIFT_OPTIMIZATION_LEVEL = "-Onone";
			};
			name = Debug;
		};
		55FA452A212B222B0003FB43 /* Release */ = {
			isa = XCBuildConfiguration;
			buildSettings = {
				ALWAYS_SEARCH_USER_PATHS = NO;
				CLANG_ANALYZER_NONNULL = YES;
				CLANG_ANALYZER_NUMBER_OBJECT_CONVERSION = YES_AGGRESSIVE;
				CLANG_CXX_LANGUAGE_STANDARD = "gnu++14";
				CLANG_CXX_LIBRARY = "libc++";
				CLANG_ENABLE_MODULES = YES;
				CLANG_ENABLE_OBJC_ARC = YES;
				CLANG_ENABLE_OBJC_WEAK = YES;
				CLANG_WARN_BLOCK_CAPTURE_AUTORELEASING = YES;
				CLANG_WARN_BOOL_CONVERSION = YES;
				CLANG_WARN_COMMA = YES;
				CLANG_WARN_CONSTANT_CONVERSION = YES;
				CLANG_WARN_DEPRECATED_OBJC_IMPLEMENTATIONS = YES;
				CLANG_WARN_DIRECT_OBJC_ISA_USAGE = YES_ERROR;
				CLANG_WARN_DOCUMENTATION_COMMENTS = YES;
				CLANG_WARN_EMPTY_BODY = YES;
				CLANG_WARN_ENUM_CONVERSION = YES;
				CLANG_WARN_INFINITE_RECURSION = YES;
				CLANG_WARN_INT_CONVERSION = YES;
				CLANG_WARN_NON_LITERAL_NULL_CONVERSION = YES;
				CLANG_WARN_OBJC_IMPLICIT_RETAIN_SELF = YES;
				CLANG_WARN_OBJC_LITERAL_CONVERSION = YES;
				CLANG_WARN_OBJC_ROOT_CLASS = YES_ERROR;
				CLANG_WARN_QUOTED_INCLUDE_IN_FRAMEWORK_HEADER = YES;
				CLANG_WARN_RANGE_LOOP_ANALYSIS = YES;
				CLANG_WARN_STRICT_PROTOTYPES = YES;
				CLANG_WARN_SUSPICIOUS_MOVE = YES;
				CLANG_WARN_UNGUARDED_AVAILABILITY = YES_AGGRESSIVE;
				CLANG_WARN_UNREACHABLE_CODE = YES;
				CLANG_WARN__DUPLICATE_METHOD_MATCH = YES;
				CODE_SIGN_IDENTITY = "iPhone Developer";
				COPY_PHASE_STRIP = NO;
				DEBUG_INFORMATION_FORMAT = "dwarf-with-dsym";
				ENABLE_NS_ASSERTIONS = NO;
				ENABLE_STRICT_OBJC_MSGSEND = YES;
				GCC_C_LANGUAGE_STANDARD = gnu11;
				GCC_NO_COMMON_BLOCKS = YES;
				GCC_WARN_64_TO_32_BIT_CONVERSION = YES;
				GCC_WARN_ABOUT_RETURN_TYPE = YES_ERROR;
				GCC_WARN_UNDECLARED_SELECTOR = YES;
				GCC_WARN_UNINITIALIZED_AUTOS = YES_AGGRESSIVE;
				GCC_WARN_UNUSED_FUNCTION = YES;
				GCC_WARN_UNUSED_VARIABLE = YES;
				IPHONEOS_DEPLOYMENT_TARGET = 12.0;
				MTL_ENABLE_DEBUG_INFO = NO;
				SDKROOT = iphoneos;
				SWIFT_COMPILATION_MODE = wholemodule;
				SWIFT_OPTIMIZATION_LEVEL = "-O";
				VALIDATE_PRODUCT = YES;
			};
			name = Release;
		};
		55FA452C212B222B0003FB43 /* Debug */ = {
			isa = XCBuildConfiguration;
			buildSettings = {
				ASSETCATALOG_COMPILER_APPICON_NAME = AppIcon;
				CODE_SIGN_STYLE = Automatic;
				DEVELOPMENT_TEAM = E973LY3S3T;
				INFOPLIST_FILE = MTGUtilities/Info.plist;
				LD_RUNPATH_SEARCH_PATHS = (
					"$(inherited)",
					"@executable_path/Frameworks",
				);
				PRODUCT_BUNDLE_IDENTIFIER = Timthetic.MTGUtilities;
				PRODUCT_NAME = "$(TARGET_NAME)";
				SWIFT_VERSION = 4.2;
				TARGETED_DEVICE_FAMILY = "1,2";
			};
			name = Debug;
		};
		55FA452D212B222B0003FB43 /* Release */ = {
			isa = XCBuildConfiguration;
			buildSettings = {
				ASSETCATALOG_COMPILER_APPICON_NAME = AppIcon;
				CODE_SIGN_STYLE = Automatic;
				DEVELOPMENT_TEAM = E973LY3S3T;
				INFOPLIST_FILE = MTGUtilities/Info.plist;
				LD_RUNPATH_SEARCH_PATHS = (
					"$(inherited)",
					"@executable_path/Frameworks",
				);
				PRODUCT_BUNDLE_IDENTIFIER = Timthetic.MTGUtilities;
				PRODUCT_NAME = "$(TARGET_NAME)";
				SWIFT_VERSION = 4.2;
				TARGETED_DEVICE_FAMILY = "1,2";
			};
			name = Release;
		};
/* End XCBuildConfiguration section */

/* Begin XCConfigurationList section */
		55FA4514212B222A0003FB43 /* Build configuration list for PBXProject "MTGUtilities" */ = {
			isa = XCConfigurationList;
			buildConfigurations = (
				55FA4529212B222B0003FB43 /* Debug */,
				55FA452A212B222B0003FB43 /* Release */,
			);
			defaultConfigurationIsVisible = 0;
			defaultConfigurationName = Release;
		};
		55FA452B212B222B0003FB43 /* Build configuration list for PBXNativeTarget "MTGUtilities" */ = {
			isa = XCConfigurationList;
			buildConfigurations = (
				55FA452C212B222B0003FB43 /* Debug */,
				55FA452D212B222B0003FB43 /* Release */,
			);
			defaultConfigurationIsVisible = 0;
			defaultConfigurationName = Release;
		};
/* End XCConfigurationList section */

/* Begin XCVersionGroup section */
		55118B8B213C5E80003AE235 /* Model.xcdatamodeld */ = {
			isa = XCVersionGroup;
			children = (
				55118B8C213C5E80003AE235 /* Model.xcdatamodel */,
			);
			currentVersion = 55118B8C213C5E80003AE235 /* Model.xcdatamodel */;
			path = Model.xcdatamodeld;
			sourceTree = "<group>";
			versionGroupType = wrapper.xcdatamodel;
		};
/* End XCVersionGroup section */
	};
	rootObject = 55FA4511212B222A0003FB43 /* Project object */;
}
